{
  "nodes": {
    "nixpkgs": {
      "locked": {
        "lastModified": 1,
        "narHash": "sha256-I7xx0/nfPanyCvC9YH7Wg/lGZZTitcgP4vFADjdfRFU=",
        "path": "/nix/store/akjrw5g6lqij1rpwk9hdynmvw82hcamm-nixos-23.11.20230610.a30520b/nixos",
        "type": "path"
      },
      "original": {
        "id": "nixpkgs",
        "type": "indirect"
      }
    },
    "root": {
      "inputs": {
        "nixpkgs": "nixpkgs"
      }
    }
  },
  "root": "root",
  "version": 7
}
